// !$*UTF8*$!
{
	archiveVersion = 1;
	classes = {
	};
	objectVersion = 46;
	objects = {

/* Begin PBXBuildFile section */
		740EA05D1641434000AFFA55 /* PlayerModel.m in Sources */ = {isa = PBXBuildFile; fileRef = 740EA05C1641434000AFFA55 /* PlayerModel.m */; };
		740EA0611641437100AFFA55 /* ComputerModel.m in Sources */ = {isa = PBXBuildFile; fileRef = 740EA0601641437100AFFA55 /* ComputerModel.m */; };
		740EA06D164152D800AFFA55 /* Card.m in Sources */ = {isa = PBXBuildFile; fileRef = 740EA06C164152D800AFFA55 /* Card.m */; };
		740EA070164152E600AFFA55 /* CardsScope.m in Sources */ = {isa = PBXBuildFile; fileRef = 740EA06F164152E600AFFA55 /* CardsScope.m */; };
		743E9A70162C76A9005F28A0 /* UIKit.framework in Frameworks */ = {isa = PBXBuildFile; fileRef = 743E9A6F162C76A9005F28A0 /* UIKit.framework */; };
		743E9A72162C76A9005F28A0 /* Foundation.framework in Frameworks */ = {isa = PBXBuildFile; fileRef = 743E9A71162C76A9005F28A0 /* Foundation.framework */; };
		743E9A74162C76A9005F28A0 /* CoreGraphics.framework in Frameworks */ = {isa = PBXBuildFile; fileRef = 743E9A73162C76A9005F28A0 /* CoreGraphics.framework */; };
		743E9A7A162C76A9005F28A0 /* InfoPlist.strings in Resources */ = {isa = PBXBuildFile; fileRef = 743E9A78162C76A9005F28A0 /* InfoPlist.strings */; };
		743E9A7C162C76A9005F28A0 /* main.m in Sources */ = {isa = PBXBuildFile; fileRef = 743E9A7B162C76A9005F28A0 /* main.m */; };
		743E9A80162C76A9005F28A0 /* AppDelegate.m in Sources */ = {isa = PBXBuildFile; fileRef = 743E9A7F162C76A9005F28A0 /* AppDelegate.m */; };
		743E9A82162C76A9005F28A0 /* Default.png in Resources */ = {isa = PBXBuildFile; fileRef = 743E9A81162C76A9005F28A0 /* Default.png */; };
		743E9A84162C76A9005F28A0 /* Default@2x.png in Resources */ = {isa = PBXBuildFile; fileRef = 743E9A83162C76A9005F28A0 /* Default@2x.png */; };
		743E9A86162C76A9005F28A0 /* Default-568h@2x.png in Resources */ = {isa = PBXBuildFile; fileRef = 743E9A85162C76A9005F28A0 /* Default-568h@2x.png */; };
		743E9A8C162C76A9005F28A0 /* MainViewController.m in Sources */ = {isa = PBXBuildFile; fileRef = 743E9A8B162C76A9005F28A0 /* MainViewController.m */; };
		743E9AA7162C865D005F28A0 /* StartViewController.m in Sources */ = {isa = PBXBuildFile; fileRef = 743E9AA6162C865D005F28A0 /* StartViewController.m */; };
		743E9AAA162C86A8005F28A0 /* InfoViewController.m in Sources */ = {isa = PBXBuildFile; fileRef = 743E9AA9162C86A8005F28A0 /* InfoViewController.m */; };
		743E9AAD162C86F2005F28A0 /* ScoreViewController.m in Sources */ = {isa = PBXBuildFile; fileRef = 743E9AAC162C86F2005F28A0 /* ScoreViewController.m */; };
		744143671649982600DF07A6 /* AudioToolbox.framework in Frameworks */ = {isa = PBXBuildFile; fileRef = 744143661649982600DF07A6 /* AudioToolbox.framework */; };
		744147AD1649A0AD00DF07A6 /* damage.caf in Resources */ = {isa = PBXBuildFile; fileRef = 744147A31649A0AC00DF07A6 /* damage.caf */; };
		744147AE1649A0AD00DF07A6 /* deal.caf in Resources */ = {isa = PBXBuildFile; fileRef = 744147A41649A0AC00DF07A6 /* deal.caf */; };
		744147AF1649A0AD00DF07A6 /* defeat.caf in Resources */ = {isa = PBXBuildFile; fileRef = 744147A51649A0AC00DF07A6 /* defeat.caf */; };
		744147B01649A0AD00DF07A6 /* evillaugh.caf in Resources */ = {isa = PBXBuildFile; fileRef = 744147A61649A0AC00DF07A6 /* evillaugh.caf */; };
		744147B11649A0AD00DF07A6 /* multipleeffect.caf in Resources */ = {isa = PBXBuildFile; fileRef = 744147A71649A0AC00DF07A6 /* multipleeffect.caf */; };
		744147B21649A0AD00DF07A6 /* resb_down.caf in Resources */ = {isa = PBXBuildFile; fileRef = 744147A81649A0AC00DF07A6 /* resb_down.caf */; };
		744147B31649A0AD00DF07A6 /* resb_downa.caf in Resources */ = {isa = PBXBuildFile; fileRef = 744147A91649A0AC00DF07A6 /* resb_downa.caf */; };
		744147B41649A0AD00DF07A6 /* ress_up.caf in Resources */ = {isa = PBXBuildFile; fileRef = 744147AA1649A0AD00DF07A6 /* ress_up.caf */; };
		744147B51649A0AD00DF07A6 /* ress_upa.caf in Resources */ = {isa = PBXBuildFile; fileRef = 744147AB1649A0AD00DF07A6 /* ress_upa.caf */; };
		744147B61649A0AD00DF07A6 /* towerwall.caf in Resources */ = {isa = PBXBuildFile; fileRef = 744147AC1649A0AD00DF07A6 /* towerwall.caf */; };
		7472EBDD165A5D97002D5EB4 /* Storyboard.storyboard in Resources */ = {isa = PBXBuildFile; fileRef = 7472EBDC165A5D97002D5EB4 /* Storyboard.storyboard */; };
		7472EBE4165A6548002D5EB4 /* Arcomage.png in Resources */ = {isa = PBXBuildFile; fileRef = 7472EBE2165A6548002D5EB4 /* Arcomage.png */; };
		7472EBE5165A6548002D5EB4 /* Arcomage@2x.png in Resources */ = {isa = PBXBuildFile; fileRef = 7472EBE3165A6548002D5EB4 /* Arcomage@2x.png */; };
		7472EC27165A66F4002D5EB4 /* Start_on_orig.png in Resources */ = {isa = PBXBuildFile; fileRef = 7472EC1F165A66F4002D5EB4 /* Start_on_orig.png */; };
		7472EC28165A66F4002D5EB4 /* Start_off_orig.png in Resources */ = {isa = PBXBuildFile; fileRef = 7472EC20165A66F4002D5EB4 /* Start_off_orig.png */; };
		7472EC29165A66F4002D5EB4 /* Score_off_orig.png in Resources */ = {isa = PBXBuildFile; fileRef = 7472EC21165A66F4002D5EB4 /* Score_off_orig.png */; };
		7472EC2A165A66F4002D5EB4 /* Score_on_orig.png in Resources */ = {isa = PBXBuildFile; fileRef = 7472EC22165A66F4002D5EB4 /* Score_on_orig.png */; };
		7472EC2B165A66F4002D5EB4 /* Info_on_orig.png in Resources */ = {isa = PBXBuildFile; fileRef = 7472EC23165A66F4002D5EB4 /* Info_on_orig.png */; };
		7472EC2C165A66F4002D5EB4 /* Info_off_orig.png in Resources */ = {isa = PBXBuildFile; fileRef = 7472EC24165A66F4002D5EB4 /* Info_off_orig.png */; };
		7472EC2D165A66F4002D5EB4 /* Quit_off_orig.png in Resources */ = {isa = PBXBuildFile; fileRef = 7472EC25165A66F4002D5EB4 /* Quit_off_orig.png */; };
		7472EC2E165A66F4002D5EB4 /* Quit_on_orig.png in Resources */ = {isa = PBXBuildFile; fileRef = 7472EC26165A66F4002D5EB4 /* Quit_on_orig.png */; };
		7472EC30165A6DFF002D5EB4 /* CardSubstrate.png in Resources */ = {isa = PBXBuildFile; fileRef = 7472EC2F165A6DFF002D5EB4 /* CardSubstrate.png */; };
		7472EC6F165A7190002D5EB4 /* ResourceHolder.png in Resources */ = {isa = PBXBuildFile; fileRef = 7472EC6E165A7190002D5EB4 /* ResourceHolder.png */; };
		7472EC71165A72B2002D5EB4 /* Player_name.png in Resources */ = {isa = PBXBuildFile; fileRef = 7472EC70165A72B2002D5EB4 /* Player_name.png */; };
		7472EC73165A7382002D5EB4 /* TowerHolder.png in Resources */ = {isa = PBXBuildFile; fileRef = 7472EC72165A7381002D5EB4 /* TowerHolder.png */; };
		7472EC75165A73DE002D5EB4 /* WallHolder.png in Resources */ = {isa = PBXBuildFile; fileRef = 7472EC74165A73DE002D5EB4 /* WallHolder.png */; };
		7472ECB3165A7C7A002D5EB4 /* TowerWidth.png in Resources */ = {isa = PBXBuildFile; fileRef = 7472ECB2165A7C7A002D5EB4 /* TowerWidth.png */; };
		7472ECB6165A7DDD002D5EB4 /* TowerHeader.png in Resources */ = {isa = PBXBuildFile; fileRef = 7472ECB4165A7DDC002D5EB4 /* TowerHeader.png */; };
		7472ECB7165A7DDD002D5EB4 /* TowerHeaderComputer.png in Resources */ = {isa = PBXBuildFile; fileRef = 7472ECB5165A7DDD002D5EB4 /* TowerHeaderComputer.png */; };
		7472ECB9165A7E76002D5EB4 /* WallWidth.png in Resources */ = {isa = PBXBuildFile; fileRef = 7472ECB8165A7E76002D5EB4 /* WallWidth.png */; };
		7472ECC0165A9299002D5EB4 /* DIscardButton.png in Resources */ = {isa = PBXBuildFile; fileRef = 7472ECBC165A9299002D5EB4 /* DIscardButton.png */; };
		7472ECC1165A9299002D5EB4 /* DIscardButton@2x.png in Resources */ = {isa = PBXBuildFile; fileRef = 7472ECBD165A9299002D5EB4 /* DIscardButton@2x.png */; };
		7472ECC2165A9299002D5EB4 /* UseButton.png in Resources */ = {isa = PBXBuildFile; fileRef = 7472ECBE165A9299002D5EB4 /* UseButton.png */; };
		7472ECC3165A9299002D5EB4 /* UseButton@2x.png in Resources */ = {isa = PBXBuildFile; fileRef = 7472ECBF165A9299002D5EB4 /* UseButton@2x.png */; };
		7472ECC5165A9AA7002D5EB4 /* TowerWidth@2x.png in Resources */ = {isa = PBXBuildFile; fileRef = 7472ECC4165A9AA7002D5EB4 /* TowerWidth@2x.png */; };
		7472ECC8165A9B47002D5EB4 /* TowerHeader@2x.png in Resources */ = {isa = PBXBuildFile; fileRef = 7472ECC6165A9B47002D5EB4 /* TowerHeader@2x.png */; };
		7472ECC9165A9B47002D5EB4 /* TowerHeaderComputer@2x.png in Resources */ = {isa = PBXBuildFile; fileRef = 7472ECC7165A9B47002D5EB4 /* TowerHeaderComputer@2x.png */; };
		7472ECD3165AA7B1002D5EB4 /* BlueCardBlank.png in Resources */ = {isa = PBXBuildFile; fileRef = 7472ECCA165AA7AF002D5EB4 /* BlueCardBlank.png */; };
		7472ECD4165AA7B1002D5EB4 /* BlueCardBlank@2x.png in Resources */ = {isa = PBXBuildFile; fileRef = 7472ECCB165AA7AF002D5EB4 /* BlueCardBlank@2x.png */; };
		7472ECD5165AA7B1002D5EB4 /* CardBack.png in Resources */ = {isa = PBXBuildFile; fileRef = 7472ECCC165AA7B0002D5EB4 /* CardBack.png */; };
		7472ECD6165AA7B1002D5EB4 /* CardBack@2x.png in Resources */ = {isa = PBXBuildFile; fileRef = 7472ECCD165AA7B0002D5EB4 /* CardBack@2x.png */; };
		7472ECD7165AA7B1002D5EB4 /* GreenCardBlank.png in Resources */ = {isa = PBXBuildFile; fileRef = 7472ECCE165AA7B0002D5EB4 /* GreenCardBlank.png */; };
		7472ECD8165AA7B1002D5EB4 /* GreenCardBlank@2x.png in Resources */ = {isa = PBXBuildFile; fileRef = 7472ECCF165AA7B0002D5EB4 /* GreenCardBlank@2x.png */; };
		7472ECD9165AA7B1002D5EB4 /* GreyCardBlank.png in Resources */ = {isa = PBXBuildFile; fileRef = 7472ECD0165AA7B0002D5EB4 /* GreyCardBlank.png */; };
		7472ECDA165AA7B1002D5EB4 /* GreyCardBlank@2x.png in Resources */ = {isa = PBXBuildFile; fileRef = 7472ECD1165AA7B0002D5EB4 /* GreyCardBlank@2x.png */; };
		7472ECDB165AA7B1002D5EB4 /* ResourceHolder@2x.png in Resources */ = {isa = PBXBuildFile; fileRef = 7472ECD2165AA7B1002D5EB4 /* ResourceHolder@2x.png */; };
		7472ED1A165AB41B002D5EB4 /* discard_label@2x.png in Resources */ = {isa = PBXBuildFile; fileRef = 7472ED19165AB41B002D5EB4 /* discard_label@2x.png */; };
		7472ED1C165AB465002D5EB4 /* discard_label.png in Resources */ = {isa = PBXBuildFile; fileRef = 7472ED1B165AB465002D5EB4 /* discard_label.png */; };
		7472ED1F165AC0FB002D5EB4 /* Background.png in Resources */ = {isa = PBXBuildFile; fileRef = 7472ED1D165AC0FA002D5EB4 /* Background.png */; };
		7472ED20165AC0FB002D5EB4 /* Background@2x.png in Resources */ = {isa = PBXBuildFile; fileRef = 7472ED1E165AC0FA002D5EB4 /* Background@2x.png */; };
		7472ED26165AC2A5002D5EB4 /* Default-Landscape@2x~ipad.png in Resources */ = {isa = PBXBuildFile; fileRef = 7472ED25165AC2A5002D5EB4 /* Default-Landscape@2x~ipad.png */; };
		7472ED28165AC2AD002D5EB4 /* Default-Landscape~ipad.png in Resources */ = {isa = PBXBuildFile; fileRef = 7472ED27165AC2AD002D5EB4 /* Default-Landscape~ipad.png */; };
		7484436F1642EA0000AEA2D5 /* QuartzCore.framework in Frameworks */ = {isa = PBXBuildFile; fileRef = 7484436E1642EA0000AEA2D5 /* QuartzCore.framework */; };
		74F7366816425B9800D7A0E6 /* CardsList.plist in Resources */ = {isa = PBXBuildFile; fileRef = 74F7366716425B9800D7A0E6 /* CardsList.plist */; };
/* End PBXBuildFile section */

/* Begin PBXFileReference section */
		740EA05B1641434000AFFA55 /* PlayerModel.h */ = {isa = PBXFileReference; fileEncoding = 4; lastKnownFileType = sourcecode.c.h; path = PlayerModel.h; sourceTree = "<group>"; };
		740EA05C1641434000AFFA55 /* PlayerModel.m */ = {isa = PBXFileReference; fileEncoding = 4; lastKnownFileType = sourcecode.c.objc; path = PlayerModel.m; sourceTree = "<group>"; };
		740EA05F1641437100AFFA55 /* ComputerModel.h */ = {isa = PBXFileReference; fileEncoding = 4; lastKnownFileType = sourcecode.c.h; path = ComputerModel.h; sourceTree = "<group>"; };
		740EA0601641437100AFFA55 /* ComputerModel.m */ = {isa = PBXFileReference; fileEncoding = 4; lastKnownFileType = sourcecode.c.objc; path = ComputerModel.m; sourceTree = "<group>"; };
		740EA06B164152D800AFFA55 /* Card.h */ = {isa = PBXFileReference; fileEncoding = 4; lastKnownFileType = sourcecode.c.h; path = Card.h; sourceTree = "<group>"; };
		740EA06C164152D800AFFA55 /* Card.m */ = {isa = PBXFileReference; fileEncoding = 4; lastKnownFileType = sourcecode.c.objc; path = Card.m; sourceTree = "<group>"; };
		740EA06E164152E600AFFA55 /* CardsScope.h */ = {isa = PBXFileReference; fileEncoding = 4; lastKnownFileType = sourcecode.c.h; path = CardsScope.h; sourceTree = "<group>"; };
		740EA06F164152E600AFFA55 /* CardsScope.m */ = {isa = PBXFileReference; fileEncoding = 4; lastKnownFileType = sourcecode.c.objc; path = CardsScope.m; sourceTree = "<group>"; };
		743E9A6B162C76A9005F28A0 /* iArcomage.app */ = {isa = PBXFileReference; explicitFileType = wrapper.application; includeInIndex = 0; path = iArcomage.app; sourceTree = BUILT_PRODUCTS_DIR; };
		743E9A6F162C76A9005F28A0 /* UIKit.framework */ = {isa = PBXFileReference; lastKnownFileType = wrapper.framework; name = UIKit.framework; path = System/Library/Frameworks/UIKit.framework; sourceTree = SDKROOT; };
		743E9A71162C76A9005F28A0 /* Foundation.framework */ = {isa = PBXFileReference; lastKnownFileType = wrapper.framework; name = Foundation.framework; path = System/Library/Frameworks/Foundation.framework; sourceTree = SDKROOT; };
		743E9A73162C76A9005F28A0 /* CoreGraphics.framework */ = {isa = PBXFileReference; lastKnownFileType = wrapper.framework; name = CoreGraphics.framework; path = System/Library/Frameworks/CoreGraphics.framework; sourceTree = SDKROOT; };
		743E9A77162C76A9005F28A0 /* iArcomage-Info.plist */ = {isa = PBXFileReference; lastKnownFileType = text.plist.xml; path = "iArcomage-Info.plist"; sourceTree = "<group>"; };
		743E9A79162C76A9005F28A0 /* en */ = {isa = PBXFileReference; lastKnownFileType = text.plist.strings; name = en; path = en.lproj/InfoPlist.strings; sourceTree = "<group>"; };
		743E9A7B162C76A9005F28A0 /* main.m */ = {isa = PBXFileReference; lastKnownFileType = sourcecode.c.objc; path = main.m; sourceTree = "<group>"; };
		743E9A7D162C76A9005F28A0 /* iArcomage-Prefix.pch */ = {isa = PBXFileReference; lastKnownFileType = sourcecode.c.h; path = "iArcomage-Prefix.pch"; sourceTree = "<group>"; };
		743E9A7E162C76A9005F28A0 /* AppDelegate.h */ = {isa = PBXFileReference; lastKnownFileType = sourcecode.c.h; path = AppDelegate.h; sourceTree = "<group>"; };
		743E9A7F162C76A9005F28A0 /* AppDelegate.m */ = {isa = PBXFileReference; lastKnownFileType = sourcecode.c.objc; path = AppDelegate.m; sourceTree = "<group>"; };
		743E9A81162C76A9005F28A0 /* Default.png */ = {isa = PBXFileReference; lastKnownFileType = image.png; path = Default.png; sourceTree = "<group>"; };
		743E9A83162C76A9005F28A0 /* Default@2x.png */ = {isa = PBXFileReference; lastKnownFileType = image.png; path = "Default@2x.png"; sourceTree = "<group>"; };
		743E9A85162C76A9005F28A0 /* Default-568h@2x.png */ = {isa = PBXFileReference; lastKnownFileType = image.png; path = "Default-568h@2x.png"; sourceTree = "<group>"; };
		743E9A8A162C76A9005F28A0 /* MainViewController.h */ = {isa = PBXFileReference; lastKnownFileType = sourcecode.c.h; path = MainViewController.h; sourceTree = "<group>"; };
		743E9A8B162C76A9005F28A0 /* MainViewController.m */ = {isa = PBXFileReference; lastKnownFileType = sourcecode.c.objc; path = MainViewController.m; sourceTree = "<group>"; };
		743E9AA5162C865D005F28A0 /* StartViewController.h */ = {isa = PBXFileReference; fileEncoding = 4; lastKnownFileType = sourcecode.c.h; path = StartViewController.h; sourceTree = "<group>"; };
		743E9AA6162C865D005F28A0 /* StartViewController.m */ = {isa = PBXFileReference; fileEncoding = 4; lastKnownFileType = sourcecode.c.objc; path = StartViewController.m; sourceTree = "<group>"; };
		743E9AA8162C86A8005F28A0 /* InfoViewController.h */ = {isa = PBXFileReference; fileEncoding = 4; lastKnownFileType = sourcecode.c.h; path = InfoViewController.h; sourceTree = "<group>"; };
		743E9AA9162C86A8005F28A0 /* InfoViewController.m */ = {isa = PBXFileReference; fileEncoding = 4; lastKnownFileType = sourcecode.c.objc; path = InfoViewController.m; sourceTree = "<group>"; };
		743E9AAB162C86F2005F28A0 /* ScoreViewController.h */ = {isa = PBXFileReference; fileEncoding = 4; lastKnownFileType = sourcecode.c.h; path = ScoreViewController.h; sourceTree = "<group>"; };
		743E9AAC162C86F2005F28A0 /* ScoreViewController.m */ = {isa = PBXFileReference; fileEncoding = 4; lastKnownFileType = sourcecode.c.objc; path = ScoreViewController.m; sourceTree = "<group>"; };
		744143661649982600DF07A6 /* AudioToolbox.framework */ = {isa = PBXFileReference; lastKnownFileType = wrapper.framework; name = AudioToolbox.framework; path = System/Library/Frameworks/AudioToolbox.framework; sourceTree = SDKROOT; };
		744147A31649A0AC00DF07A6 /* damage.caf */ = {isa = PBXFileReference; lastKnownFileType = file; name = damage.caf; path = ../damage.caf; sourceTree = "<group>"; };
		744147A41649A0AC00DF07A6 /* deal.caf */ = {isa = PBXFileReference; lastKnownFileType = file; name = deal.caf; path = ../deal.caf; sourceTree = "<group>"; };
		744147A51649A0AC00DF07A6 /* defeat.caf */ = {isa = PBXFileReference; lastKnownFileType = file; name = defeat.caf; path = ../defeat.caf; sourceTree = "<group>"; };
		744147A61649A0AC00DF07A6 /* evillaugh.caf */ = {isa = PBXFileReference; lastKnownFileType = file; name = evillaugh.caf; path = ../evillaugh.caf; sourceTree = "<group>"; };
		744147A71649A0AC00DF07A6 /* multipleeffect.caf */ = {isa = PBXFileReference; lastKnownFileType = file; name = multipleeffect.caf; path = ../multipleeffect.caf; sourceTree = "<group>"; };
		744147A81649A0AC00DF07A6 /* resb_down.caf */ = {isa = PBXFileReference; lastKnownFileType = file; name = resb_down.caf; path = ../resb_down.caf; sourceTree = "<group>"; };
		744147A91649A0AC00DF07A6 /* resb_downa.caf */ = {isa = PBXFileReference; lastKnownFileType = file; name = resb_downa.caf; path = ../resb_downa.caf; sourceTree = "<group>"; };
		744147AA1649A0AD00DF07A6 /* ress_up.caf */ = {isa = PBXFileReference; lastKnownFileType = file; name = ress_up.caf; path = ../ress_up.caf; sourceTree = "<group>"; };
		744147AB1649A0AD00DF07A6 /* ress_upa.caf */ = {isa = PBXFileReference; lastKnownFileType = file; name = ress_upa.caf; path = ../ress_upa.caf; sourceTree = "<group>"; };
		744147AC1649A0AD00DF07A6 /* towerwall.caf */ = {isa = PBXFileReference; lastKnownFileType = file; name = towerwall.caf; path = ../towerwall.caf; sourceTree = "<group>"; };
		7472EBDC165A5D97002D5EB4 /* Storyboard.storyboard */ = {isa = PBXFileReference; fileEncoding = 4; lastKnownFileType = file.storyboard; name = Storyboard.storyboard; path = ../Storyboard.storyboard; sourceTree = "<group>"; };
		7472EBE2165A6548002D5EB4 /* Arcomage.png */ = {isa = PBXFileReference; lastKnownFileType = image.png; path = Arcomage.png; sourceTree = "<group>"; };
		7472EBE3165A6548002D5EB4 /* Arcomage@2x.png */ = {isa = PBXFileReference; lastKnownFileType = image.png; path = "Arcomage@2x.png"; sourceTree = "<group>"; };
		7472EC1F165A66F4002D5EB4 /* Start_on_orig.png */ = {isa = PBXFileReference; lastKnownFileType = image.png; name = Start_on_orig.png; path = ../Start_on_orig.png; sourceTree = "<group>"; };
		7472EC20165A66F4002D5EB4 /* Start_off_orig.png */ = {isa = PBXFileReference; lastKnownFileType = image.png; name = Start_off_orig.png; path = ../Start_off_orig.png; sourceTree = "<group>"; };
		7472EC21165A66F4002D5EB4 /* Score_off_orig.png */ = {isa = PBXFileReference; lastKnownFileType = image.png; name = Score_off_orig.png; path = ../Score_off_orig.png; sourceTree = "<group>"; };
		7472EC22165A66F4002D5EB4 /* Score_on_orig.png */ = {isa = PBXFileReference; lastKnownFileType = image.png; name = Score_on_orig.png; path = ../Score_on_orig.png; sourceTree = "<group>"; };
		7472EC23165A66F4002D5EB4 /* Info_on_orig.png */ = {isa = PBXFileReference; lastKnownFileType = image.png; name = Info_on_orig.png; path = ../Info_on_orig.png; sourceTree = "<group>"; };
		7472EC24165A66F4002D5EB4 /* Info_off_orig.png */ = {isa = PBXFileReference; lastKnownFileType = image.png; name = Info_off_orig.png; path = ../Info_off_orig.png; sourceTree = "<group>"; };
		7472EC25165A66F4002D5EB4 /* Quit_off_orig.png */ = {isa = PBXFileReference; lastKnownFileType = image.png; name = Quit_off_orig.png; path = ../Quit_off_orig.png; sourceTree = "<group>"; };
		7472EC26165A66F4002D5EB4 /* Quit_on_orig.png */ = {isa = PBXFileReference; lastKnownFileType = image.png; name = Quit_on_orig.png; path = ../Quit_on_orig.png; sourceTree = "<group>"; };
		7472EC2F165A6DFF002D5EB4 /* CardSubstrate.png */ = {isa = PBXFileReference; lastKnownFileType = image.png; path = CardSubstrate.png; sourceTree = "<group>"; };
		7472EC6E165A7190002D5EB4 /* ResourceHolder.png */ = {isa = PBXFileReference; lastKnownFileType = image.png; path = ResourceHolder.png; sourceTree = "<group>"; };
		7472EC70165A72B2002D5EB4 /* Player_name.png */ = {isa = PBXFileReference; lastKnownFileType = image.png; path = Player_name.png; sourceTree = "<group>"; };
		7472EC72165A7381002D5EB4 /* TowerHolder.png */ = {isa = PBXFileReference; lastKnownFileType = image.png; path = TowerHolder.png; sourceTree = "<group>"; };
		7472EC74165A73DE002D5EB4 /* WallHolder.png */ = {isa = PBXFileReference; lastKnownFileType = image.png; path = WallHolder.png; sourceTree = "<group>"; };
		7472ECB2165A7C7A002D5EB4 /* TowerWidth.png */ = {isa = PBXFileReference; lastKnownFileType = image.png; name = TowerWidth.png; path = ../TowerWidth.png; sourceTree = "<group>"; };
		7472ECB4165A7DDC002D5EB4 /* TowerHeader.png */ = {isa = PBXFileReference; lastKnownFileType = image.png; path = TowerHeader.png; sourceTree = "<group>"; };
		7472ECB5165A7DDD002D5EB4 /* TowerHeaderComputer.png */ = {isa = PBXFileReference; lastKnownFileType = image.png; path = TowerHeaderComputer.png; sourceTree = "<group>"; };
		7472ECB8165A7E76002D5EB4 /* WallWidth.png */ = {isa = PBXFileReference; lastKnownFileType = image.png; path = WallWidth.png; sourceTree = "<group>"; };
		7472ECBC165A9299002D5EB4 /* DIscardButton.png */ = {isa = PBXFileReference; lastKnownFileType = image.png; name = DIscardButton.png; path = ../DIscardButton.png; sourceTree = "<group>"; };
		7472ECBD165A9299002D5EB4 /* DIscardButton@2x.png */ = {isa = PBXFileReference; lastKnownFileType = image.png; name = "DIscardButton@2x.png"; path = "../DIscardButton@2x.png"; sourceTree = "<group>"; };
		7472ECBE165A9299002D5EB4 /* UseButton.png */ = {isa = PBXFileReference; lastKnownFileType = image.png; name = UseButton.png; path = ../UseButton.png; sourceTree = "<group>"; };
		7472ECBF165A9299002D5EB4 /* UseButton@2x.png */ = {isa = PBXFileReference; lastKnownFileType = image.png; name = "UseButton@2x.png"; path = "../UseButton@2x.png"; sourceTree = "<group>"; };
		7472ECC4165A9AA7002D5EB4 /* TowerWidth@2x.png */ = {isa = PBXFileReference; lastKnownFileType = image.png; path = "TowerWidth@2x.png"; sourceTree = "<group>"; };
		7472ECC6165A9B47002D5EB4 /* TowerHeader@2x.png */ = {isa = PBXFileReference; lastKnownFileType = image.png; path = "TowerHeader@2x.png"; sourceTree = "<group>"; };
		7472ECC7165A9B47002D5EB4 /* TowerHeaderComputer@2x.png */ = {isa = PBXFileReference; lastKnownFileType = image.png; path = "TowerHeaderComputer@2x.png"; sourceTree = "<group>"; };
		7472ECCA165AA7AF002D5EB4 /* BlueCardBlank.png */ = {isa = PBXFileReference; lastKnownFileType = image.png; path = BlueCardBlank.png; sourceTree = "<group>"; };
		7472ECCB165AA7AF002D5EB4 /* BlueCardBlank@2x.png */ = {isa = PBXFileReference; lastKnownFileType = image.png; path = "BlueCardBlank@2x.png"; sourceTree = "<group>"; };
		7472ECCC165AA7B0002D5EB4 /* CardBack.png */ = {isa = PBXFileReference; lastKnownFileType = image.png; path = CardBack.png; sourceTree = "<group>"; };
		7472ECCD165AA7B0002D5EB4 /* CardBack@2x.png */ = {isa = PBXFileReference; lastKnownFileType = image.png; path = "CardBack@2x.png"; sourceTree = "<group>"; };
		7472ECCE165AA7B0002D5EB4 /* GreenCardBlank.png */ = {isa = PBXFileReference; lastKnownFileType = image.png; path = GreenCardBlank.png; sourceTree = "<group>"; };
		7472ECCF165AA7B0002D5EB4 /* GreenCardBlank@2x.png */ = {isa = PBXFileReference; lastKnownFileType = image.png; path = "GreenCardBlank@2x.png"; sourceTree = "<group>"; };
		7472ECD0165AA7B0002D5EB4 /* GreyCardBlank.png */ = {isa = PBXFileReference; lastKnownFileType = image.png; path = GreyCardBlank.png; sourceTree = "<group>"; };
		7472ECD1165AA7B0002D5EB4 /* GreyCardBlank@2x.png */ = {isa = PBXFileReference; lastKnownFileType = image.png; path = "GreyCardBlank@2x.png"; sourceTree = "<group>"; };
		7472ECD2165AA7B1002D5EB4 /* ResourceHolder@2x.png */ = {isa = PBXFileReference; lastKnownFileType = image.png; path = "ResourceHolder@2x.png"; sourceTree = "<group>"; };
		7472ED19165AB41B002D5EB4 /* discard_label@2x.png */ = {isa = PBXFileReference; lastKnownFileType = image.png; name = "discard_label@2x.png"; path = "../discard_label@2x.png"; sourceTree = "<group>"; };
		7472ED1B165AB465002D5EB4 /* discard_label.png */ = {isa = PBXFileReference; lastKnownFileType = image.png; path = discard_label.png; sourceTree = "<group>"; };
		7472ED1D165AC0FA002D5EB4 /* Background.png */ = {isa = PBXFileReference; lastKnownFileType = image.png; name = Background.png; path = ../Background.png; sourceTree = "<group>"; };
		7472ED1E165AC0FA002D5EB4 /* Background@2x.png */ = {isa = PBXFileReference; lastKnownFileType = image.png; name = "Background@2x.png"; path = "../Background@2x.png"; sourceTree = "<group>"; };
		7472ED25165AC2A5002D5EB4 /* Default-Landscape@2x~ipad.png */ = {isa = PBXFileReference; lastKnownFileType = image.png; name = "Default-Landscape@2x~ipad.png"; path = "../Default-Landscape@2x~ipad.png"; sourceTree = "<group>"; };
		7472ED27165AC2AD002D5EB4 /* Default-Landscape~ipad.png */ = {isa = PBXFileReference; lastKnownFileType = image.png; name = "Default-Landscape~ipad.png"; path = "../Default-Landscape~ipad.png"; sourceTree = "<group>"; };
		7484436E1642EA0000AEA2D5 /* QuartzCore.framework */ = {isa = PBXFileReference; lastKnownFileType = wrapper.framework; name = QuartzCore.framework; path = System/Library/Frameworks/QuartzCore.framework; sourceTree = SDKROOT; };
		74F7366716425B9800D7A0E6 /* CardsList.plist */ = {isa = PBXFileReference; fileEncoding = 4; lastKnownFileType = text.plist.xml; path = CardsList.plist; sourceTree = "<group>"; };
/* End PBXFileReference section */

/* Begin PBXFrameworksBuildPhase section */
		743E9A68162C76A9005F28A0 /* Frameworks */ = {
			isa = PBXFrameworksBuildPhase;
			buildActionMask = 2147483647;
			files = (
				744143671649982600DF07A6 /* AudioToolbox.framework in Frameworks */,
				7484436F1642EA0000AEA2D5 /* QuartzCore.framework in Frameworks */,
				743E9A70162C76A9005F28A0 /* UIKit.framework in Frameworks */,
				743E9A72162C76A9005F28A0 /* Foundation.framework in Frameworks */,
				743E9A74162C76A9005F28A0 /* CoreGraphics.framework in Frameworks */,
			);
			runOnlyForDeploymentPostprocessing = 0;
		};
/* End PBXFrameworksBuildPhase section */

/* Begin PBXGroup section */
		740EA05E1641435A00AFFA55 /* Models */ = {
			isa = PBXGroup;
			children = (
				740EA06B164152D800AFFA55 /* Card.h */,
				740EA06C164152D800AFFA55 /* Card.m */,
				740EA06E164152E600AFFA55 /* CardsScope.h */,
				740EA06F164152E600AFFA55 /* CardsScope.m */,
				740EA05B1641434000AFFA55 /* PlayerModel.h */,
				740EA05C1641434000AFFA55 /* PlayerModel.m */,
				740EA05F1641437100AFFA55 /* ComputerModel.h */,
				740EA0601641437100AFFA55 /* ComputerModel.m */,
			);
			name = Models;
			sourceTree = "<group>";
		};
		743E9A60162C76A9005F28A0 = {
			isa = PBXGroup;
			children = (
				740EA05E1641435A00AFFA55 /* Models */,
				743E9A75162C76A9005F28A0 /* iArcomage */,
				743E9A6E162C76A9005F28A0 /* Frameworks */,
				743E9A6C162C76A9005F28A0 /* Products */,
			);
			sourceTree = "<group>";
		};
		743E9A6C162C76A9005F28A0 /* Products */ = {
			isa = PBXGroup;
			children = (
				743E9A6B162C76A9005F28A0 /* iArcomage.app */,
			);
			name = Products;
			sourceTree = "<group>";
		};
		743E9A6E162C76A9005F28A0 /* Frameworks */ = {
			isa = PBXGroup;
			children = (
				744143661649982600DF07A6 /* AudioToolbox.framework */,
				7484436E1642EA0000AEA2D5 /* QuartzCore.framework */,
				743E9A6F162C76A9005F28A0 /* UIKit.framework */,
				743E9A71162C76A9005F28A0 /* Foundation.framework */,
				743E9A73162C76A9005F28A0 /* CoreGraphics.framework */,
			);
			name = Frameworks;
			sourceTree = "<group>";
		};
		743E9A75162C76A9005F28A0 /* iArcomage */ = {
			isa = PBXGroup;
			children = (
				743E9AA8162C86A8005F28A0 /* InfoViewController.h */,
				743E9AA9162C86A8005F28A0 /* InfoViewController.m */,
				743E9AAB162C86F2005F28A0 /* ScoreViewController.h */,
				743E9AAC162C86F2005F28A0 /* ScoreViewController.m */,
				743E9AA5162C865D005F28A0 /* StartViewController.h */,
				743E9AA6162C865D005F28A0 /* StartViewController.m */,
				743E9A8A162C76A9005F28A0 /* MainViewController.h */,
				743E9A8B162C76A9005F28A0 /* MainViewController.m */,
				7472EBDC165A5D97002D5EB4 /* Storyboard.storyboard */,
				743E9A76162C76A9005F28A0 /* Supporting Files */,
			);
			path = iArcomage;
			sourceTree = "<group>";
		};
		743E9A76162C76A9005F28A0 /* Supporting Files */ = {
			isa = PBXGroup;
			children = (
				74728C0C164E5C72009D14EC /* Images */,
				744147B71649A0E300DF07A6 /* Sounds */,
				743E9A7E162C76A9005F28A0 /* AppDelegate.h */,
				743E9A7F162C76A9005F28A0 /* AppDelegate.m */,
				743E9A77162C76A9005F28A0 /* iArcomage-Info.plist */,
				743E9A78162C76A9005F28A0 /* InfoPlist.strings */,
				743E9A7B162C76A9005F28A0 /* main.m */,
				743E9A7D162C76A9005F28A0 /* iArcomage-Prefix.pch */,
				743E9A81162C76A9005F28A0 /* Default.png */,
				743E9A83162C76A9005F28A0 /* Default@2x.png */,
				743E9A85162C76A9005F28A0 /* Default-568h@2x.png */,
				7472ED27165AC2AD002D5EB4 /* Default-Landscape~ipad.png */,
				7472ED25165AC2A5002D5EB4 /* Default-Landscape@2x~ipad.png */,
				74F7366716425B9800D7A0E6 /* CardsList.plist */,
			);
			name = "Supporting Files";
			sourceTree = "<group>";
		};
		744147B71649A0E300DF07A6 /* Sounds */ = {
			isa = PBXGroup;
			children = (
				744147A31649A0AC00DF07A6 /* damage.caf */,
				744147A41649A0AC00DF07A6 /* deal.caf */,
				744147A51649A0AC00DF07A6 /* defeat.caf */,
				744147A61649A0AC00DF07A6 /* evillaugh.caf */,
				744147A71649A0AC00DF07A6 /* multipleeffect.caf */,
				744147A81649A0AC00DF07A6 /* resb_down.caf */,
				744147A91649A0AC00DF07A6 /* resb_downa.caf */,
				744147AA1649A0AD00DF07A6 /* ress_up.caf */,
				744147AB1649A0AD00DF07A6 /* ress_upa.caf */,
				744147AC1649A0AD00DF07A6 /* towerwall.caf */,
			);
			name = Sounds;
			sourceTree = "<group>";
		};
		74728C0C164E5C72009D14EC /* Images */ = {
			isa = PBXGroup;
			children = (
				7472ED1D165AC0FA002D5EB4 /* Background.png */,
				7472ED1E165AC0FA002D5EB4 /* Background@2x.png */,
				7472ED1B165AB465002D5EB4 /* discard_label.png */,
				7472ED19165AB41B002D5EB4 /* discard_label@2x.png */,
				7472EC1F165A66F4002D5EB4 /* Start_on_orig.png */,
				7472EC20165A66F4002D5EB4 /* Start_off_orig.png */,
				7472EC21165A66F4002D5EB4 /* Score_off_orig.png */,
				7472EC22165A66F4002D5EB4 /* Score_on_orig.png */,
				7472EC23165A66F4002D5EB4 /* Info_on_orig.png */,
				7472EC24165A66F4002D5EB4 /* Info_off_orig.png */,
				7472EC25165A66F4002D5EB4 /* Quit_off_orig.png */,
				7472EC26165A66F4002D5EB4 /* Quit_on_orig.png */,
				7472EBE2165A6548002D5EB4 /* Arcomage.png */,
				7472EBE3165A6548002D5EB4 /* Arcomage@2x.png */,
				7472EC2F165A6DFF002D5EB4 /* CardSubstrate.png */,
				7472EC6E165A7190002D5EB4 /* ResourceHolder.png */,
				7472ECD2165AA7B1002D5EB4 /* ResourceHolder@2x.png */,
				7472ECCA165AA7AF002D5EB4 /* BlueCardBlank.png */,
				7472ECCB165AA7AF002D5EB4 /* BlueCardBlank@2x.png */,
				7472ECCC165AA7B0002D5EB4 /* CardBack.png */,
				7472ECCD165AA7B0002D5EB4 /* CardBack@2x.png */,
				7472ECCE165AA7B0002D5EB4 /* GreenCardBlank.png */,
				7472ECCF165AA7B0002D5EB4 /* GreenCardBlank@2x.png */,
				7472ECD0165AA7B0002D5EB4 /* GreyCardBlank.png */,
				7472ECD1165AA7B0002D5EB4 /* GreyCardBlank@2x.png */,
				7472EC70165A72B2002D5EB4 /* Player_name.png */,
				7472EC72165A7381002D5EB4 /* TowerHolder.png */,
				7472EC74165A73DE002D5EB4 /* WallHolder.png */,
				7472ECB2165A7C7A002D5EB4 /* TowerWidth.png */,
				7472ECC4165A9AA7002D5EB4 /* TowerWidth@2x.png */,
				7472ECB4165A7DDC002D5EB4 /* TowerHeader.png */,
				7472ECC6165A9B47002D5EB4 /* TowerHeader@2x.png */,
				7472ECB5165A7DDD002D5EB4 /* TowerHeaderComputer.png */,
				7472ECC7165A9B47002D5EB4 /* TowerHeaderComputer@2x.png */,
				7472ECB8165A7E76002D5EB4 /* WallWidth.png */,
				7472ECBC165A9299002D5EB4 /* DIscardButton.png */,
				7472ECBD165A9299002D5EB4 /* DIscardButton@2x.png */,
				7472ECBE165A9299002D5EB4 /* UseButton.png */,
				7472ECBF165A9299002D5EB4 /* UseButton@2x.png */,
			);
			name = Images;
			sourceTree = "<group>";
		};
/* End PBXGroup section */

/* Begin PBXNativeTarget section */
		743E9A6A162C76A9005F28A0 /* iArcomage */ = {
			isa = PBXNativeTarget;
			buildConfigurationList = 743E9A8F162C76A9005F28A0 /* Build configuration list for PBXNativeTarget "iArcomage" */;
			buildPhases = (
				743E9A67162C76A9005F28A0 /* Sources */,
				743E9A68162C76A9005F28A0 /* Frameworks */,
				743E9A69162C76A9005F28A0 /* Resources */,
			);
			buildRules = (
			);
			dependencies = (
			);
			name = iArcomage;
			productName = iArcomage;
			productReference = 743E9A6B162C76A9005F28A0 /* iArcomage.app */;
			productType = "com.apple.product-type.application";
		};
/* End PBXNativeTarget section */

/* Begin PBXProject section */
		743E9A62162C76A9005F28A0 /* Project object */ = {
			isa = PBXProject;
			attributes = {
				LastUpgradeCheck = 0450;
				ORGANIZATIONNAME = nibbler13;
			};
			buildConfigurationList = 743E9A65162C76A9005F28A0 /* Build configuration list for PBXProject "iArcomage" */;
			compatibilityVersion = "Xcode 3.2";
			developmentRegion = English;
			hasScannedForEncodings = 0;
			knownRegions = (
				en,
			);
			mainGroup = 743E9A60162C76A9005F28A0;
			productRefGroup = 743E9A6C162C76A9005F28A0 /* Products */;
			projectDirPath = "";
			projectRoot = "";
			targets = (
				743E9A6A162C76A9005F28A0 /* iArcomage */,
			);
		};
/* End PBXProject section */

/* Begin PBXResourcesBuildPhase section */
		743E9A69162C76A9005F28A0 /* Resources */ = {
			isa = PBXResourcesBuildPhase;
			buildActionMask = 2147483647;
			files = (
				743E9A7A162C76A9005F28A0 /* InfoPlist.strings in Resources */,
				743E9A82162C76A9005F28A0 /* Default.png in Resources */,
				743E9A84162C76A9005F28A0 /* Default@2x.png in Resources */,
				743E9A86162C76A9005F28A0 /* Default-568h@2x.png in Resources */,
				74F7366816425B9800D7A0E6 /* CardsList.plist in Resources */,
				744147AD1649A0AD00DF07A6 /* damage.caf in Resources */,
				744147AE1649A0AD00DF07A6 /* deal.caf in Resources */,
				744147AF1649A0AD00DF07A6 /* defeat.caf in Resources */,
				744147B01649A0AD00DF07A6 /* evillaugh.caf in Resources */,
				744147B11649A0AD00DF07A6 /* multipleeffect.caf in Resources */,
				744147B21649A0AD00DF07A6 /* resb_down.caf in Resources */,
				744147B31649A0AD00DF07A6 /* resb_downa.caf in Resources */,
				744147B41649A0AD00DF07A6 /* ress_up.caf in Resources */,
				744147B51649A0AD00DF07A6 /* ress_upa.caf in Resources */,
				744147B61649A0AD00DF07A6 /* towerwall.caf in Resources */,
				7472EBDD165A5D97002D5EB4 /* Storyboard.storyboard in Resources */,
				7472EBE4165A6548002D5EB4 /* Arcomage.png in Resources */,
				7472EBE5165A6548002D5EB4 /* Arcomage@2x.png in Resources */,
				7472EC27165A66F4002D5EB4 /* Start_on_orig.png in Resources */,
				7472EC28165A66F4002D5EB4 /* Start_off_orig.png in Resources */,
				7472EC29165A66F4002D5EB4 /* Score_off_orig.png in Resources */,
				7472EC2A165A66F4002D5EB4 /* Score_on_orig.png in Resources */,
				7472EC2B165A66F4002D5EB4 /* Info_on_orig.png in Resources */,
				7472EC2C165A66F4002D5EB4 /* Info_off_orig.png in Resources */,
				7472EC2D165A66F4002D5EB4 /* Quit_off_orig.png in Resources */,
				7472EC2E165A66F4002D5EB4 /* Quit_on_orig.png in Resources */,
				7472EC30165A6DFF002D5EB4 /* CardSubstrate.png in Resources */,
				7472EC6F165A7190002D5EB4 /* ResourceHolder.png in Resources */,
				7472EC71165A72B2002D5EB4 /* Player_name.png in Resources */,
				7472EC73165A7382002D5EB4 /* TowerHolder.png in Resources */,
				7472EC75165A73DE002D5EB4 /* WallHolder.png in Resources */,
				7472ECB3165A7C7A002D5EB4 /* TowerWidth.png in Resources */,
				7472ECB6165A7DDD002D5EB4 /* TowerHeader.png in Resources */,
				7472ECB7165A7DDD002D5EB4 /* TowerHeaderComputer.png in Resources */,
				7472ECB9165A7E76002D5EB4 /* WallWidth.png in Resources */,
				7472ECC0165A9299002D5EB4 /* DIscardButton.png in Resources */,
				7472ECC1165A9299002D5EB4 /* DIscardButton@2x.png in Resources */,
				7472ECC2165A9299002D5EB4 /* UseButton.png in Resources */,
				7472ECC3165A9299002D5EB4 /* UseButton@2x.png in Resources */,
				7472ECC5165A9AA7002D5EB4 /* TowerWidth@2x.png in Resources */,
				7472ECC8165A9B47002D5EB4 /* TowerHeader@2x.png in Resources */,
				7472ECC9165A9B47002D5EB4 /* TowerHeaderComputer@2x.png in Resources */,
				7472ECD3165AA7B1002D5EB4 /* BlueCardBlank.png in Resources */,
				7472ECD4165AA7B1002D5EB4 /* BlueCardBlank@2x.png in Resources */,
				7472ECD5165AA7B1002D5EB4 /* CardBack.png in Resources */,
				7472ECD6165AA7B1002D5EB4 /* CardBack@2x.png in Resources */,
				7472ECD7165AA7B1002D5EB4 /* GreenCardBlank.png in Resources */,
				7472ECD8165AA7B1002D5EB4 /* GreenCardBlank@2x.png in Resources */,
				7472ECD9165AA7B1002D5EB4 /* GreyCardBlank.png in Resources */,
				7472ECDA165AA7B1002D5EB4 /* GreyCardBlank@2x.png in Resources */,
				7472ECDB165AA7B1002D5EB4 /* ResourceHolder@2x.png in Resources */,
				7472ED1A165AB41B002D5EB4 /* discard_label@2x.png in Resources */,
				7472ED1C165AB465002D5EB4 /* discard_label.png in Resources */,
				7472ED1F165AC0FB002D5EB4 /* Background.png in Resources */,
				7472ED20165AC0FB002D5EB4 /* Background@2x.png in Resources */,
				7472ED26165AC2A5002D5EB4 /* Default-Landscape@2x~ipad.png in Resources */,
				7472ED28165AC2AD002D5EB4 /* Default-Landscape~ipad.png in Resources */,
			);
			runOnlyForDeploymentPostprocessing = 0;
		};
/* End PBXResourcesBuildPhase section */

/* Begin PBXSourcesBuildPhase section */
		743E9A67162C76A9005F28A0 /* Sources */ = {
			isa = PBXSourcesBuildPhase;
			buildActionMask = 2147483647;
			files = (
				743E9A7C162C76A9005F28A0 /* main.m in Sources */,
				743E9A80162C76A9005F28A0 /* AppDelegate.m in Sources */,
				743E9A8C162C76A9005F28A0 /* MainViewController.m in Sources */,
				743E9AA7162C865D005F28A0 /* StartViewController.m in Sources */,
				743E9AAA162C86A8005F28A0 /* InfoViewController.m in Sources */,
				743E9AAD162C86F2005F28A0 /* ScoreViewController.m in Sources */,
				740EA05D1641434000AFFA55 /* PlayerModel.m in Sources */,
				740EA0611641437100AFFA55 /* ComputerModel.m in Sources */,
				740EA06D164152D800AFFA55 /* Card.m in Sources */,
				740EA070164152E600AFFA55 /* CardsScope.m in Sources */,
			);
			runOnlyForDeploymentPostprocessing = 0;
		};
/* End PBXSourcesBuildPhase section */

/* Begin PBXVariantGroup section */
		743E9A78162C76A9005F28A0 /* InfoPlist.strings */ = {
			isa = PBXVariantGroup;
			children = (
				743E9A79162C76A9005F28A0 /* en */,
			);
			name = InfoPlist.strings;
			sourceTree = "<group>";
		};
/* End PBXVariantGroup section */

/* Begin XCBuildConfiguration section */
		743E9A8D162C76A9005F28A0 /* Debug */ = {
			isa = XCBuildConfiguration;
			buildSettings = {
				ALWAYS_SEARCH_USER_PATHS = NO;
				CLANG_CXX_LANGUAGE_STANDARD = "gnu++0x";
				CLANG_CXX_LIBRARY = "libc++";
				CLANG_ENABLE_OBJC_ARC = YES;
				CLANG_WARN_EMPTY_BODY = YES;
				CLANG_WARN__DUPLICATE_METHOD_MATCH = YES;
				"CODE_SIGN_IDENTITY[sdk=iphoneos*]" = "iPhone Developer";
				COPY_PHASE_STRIP = NO;
				GCC_C_LANGUAGE_STANDARD = gnu99;
				GCC_DYNAMIC_NO_PIC = NO;
				GCC_OPTIMIZATION_LEVEL = 0;
				GCC_PREPROCESSOR_DEFINITIONS = (
					"DEBUG=1",
					"$(inherited)",
				);
				GCC_SYMBOLS_PRIVATE_EXTERN = NO;
				GCC_WARN_ABOUT_RETURN_TYPE = YES;
				GCC_WARN_UNINITIALIZED_AUTOS = YES;
				GCC_WARN_UNUSED_VARIABLE = YES;
				IPHONEOS_DEPLOYMENT_TARGET = 6.0;
				ONLY_ACTIVE_ARCH = YES;
				SDKROOT = iphoneos;
			};
			name = Debug;
		};
		743E9A8E162C76A9005F28A0 /* Release */ = {
			isa = XCBuildConfiguration;
			buildSettings = {
				ALWAYS_SEARCH_USER_PATHS = NO;
				CLANG_CXX_LANGUAGE_STANDARD = "gnu++0x";
				CLANG_CXX_LIBRARY = "libc++";
				CLANG_ENABLE_OBJC_ARC = YES;
				CLANG_WARN_EMPTY_BODY = YES;
				CLANG_WARN__DUPLICATE_METHOD_MATCH = YES;
				"CODE_SIGN_IDENTITY[sdk=iphoneos*]" = "iPhone Developer";
				COPY_PHASE_STRIP = YES;
				GCC_C_LANGUAGE_STANDARD = gnu99;
				GCC_WARN_ABOUT_RETURN_TYPE = YES;
				GCC_WARN_UNINITIALIZED_AUTOS = YES;
				GCC_WARN_UNUSED_VARIABLE = YES;
				IPHONEOS_DEPLOYMENT_TARGET = 6.0;
				OTHER_CFLAGS = "-DNS_BLOCK_ASSERTIONS=1";
				SDKROOT = iphoneos;
				VALIDATE_PRODUCT = YES;
			};
			name = Release;
		};
		743E9A90162C76A9005F28A0 /* Debug */ = {
			isa = XCBuildConfiguration;
			buildSettings = {
				GCC_PRECOMPILE_PREFIX_HEADER = YES;
				GCC_PREFIX_HEADER = "iArcomage/iArcomage-Prefix.pch";
				INFOPLIST_FILE = "iArcomage/iArcomage-Info.plist";
				IPHONEOS_DEPLOYMENT_TARGET = 6.1;
				PRODUCT_NAME = "$(TARGET_NAME)";
				TARGETED_DEVICE_FAMILY = 2;
				WRAPPER_EXTENSION = app;
			};
			name = Debug;
		};
		743E9A91162C76A9005F28A0 /* Release */ = {
			isa = XCBuildConfiguration;
			buildSettings = {
				GCC_PRECOMPILE_PREFIX_HEADER = YES;
				GCC_PREFIX_HEADER = "iArcomage/iArcomage-Prefix.pch";
				INFOPLIST_FILE = "iArcomage/iArcomage-Info.plist";
				IPHONEOS_DEPLOYMENT_TARGET = 6.1;
				PRODUCT_NAME = "$(TARGET_NAME)";
				TARGETED_DEVICE_FAMILY = 2;
				WRAPPER_EXTENSION = app;
			};
			name = Release;
		};
/* End XCBuildConfiguration section */

/* Begin XCConfigurationList section */
		743E9A65162C76A9005F28A0 /* Build configuration list for PBXProject "iArcomage" */ = {
			isa = XCConfigurationList;
			buildConfigurations = (
				743E9A8D162C76A9005F28A0 /* Debug */,
				743E9A8E162C76A9005F28A0 /* Release */,
			);
			defaultConfigurationIsVisible = 0;
			defaultConfigurationName = Release;
		};
		743E9A8F162C76A9005F28A0 /* Build configuration list for PBXNativeTarget "iArcomage" */ = {
			isa = XCConfigurationList;
			buildConfigurations = (
				743E9A90162C76A9005F28A0 /* Debug */,
				743E9A91162C76A9005F28A0 /* Release */,
			);
			defaultConfigurationIsVisible = 0;
			defaultConfigurationName = Release;
		};
/* End XCConfigurationList section */
	};
	rootObject = 743E9A62162C76A9005F28A0 /* Project object */;
}
